
Microsoft Visual Studio Solution File, Format Version 12.00
# Visual Studio Version 17
VisualStudioVersion = 17.7.34202.233
MinimumVisualStudioVersion = 10.0.40219.1
Project("{FAE04EC0-301F-11D3-BF4B-00C04F79EFBC}") = "2301C2WpfCrud", "2301C2WpfCrud\2301C2WpfCrud.csproj", "{3F9DC461-31E8-4F74-96A2-2ACE9F733A37}"
EndProject
Global
	GlobalSection(SolutionConfigurationPlatforms) = preSolution
		Debug|Any CPU = Debug|Any CPU
		Release|Any CPU = Release|Any CPU
	EndGlobalSection
	GlobalSection(ProjectConfigurationPlatforms) = postSolution
		{3F9DC461-31E8-4F74-96A2-2ACE9F733A37}.Debug|Any CPU.ActiveCfg = Debug|Any CPU
		{3F9DC461-31E8-4F74-96A2-2ACE9F733A37}.Debug|Any CPU.Build.0 = Debug|Any CPU
		{3F9DC461-31E8-4F74-96A2-2ACE9F733A37}.Release|Any CPU.ActiveCfg = Release|Any CPU
		{3F9DC461-31E8-4F74-96A2-2ACE9F733A37}.Release|Any CPU.Build.0 = Release|Any CPU
	EndGlobalSection
	GlobalSection(SolutionProperties) = preSolution
		HideSolutionNode = FALSE
	EndGlobalSection
	GlobalSection(ExtensibilityGlobals) = postSolution
		SolutionGuid = {806F269A-7BA3-4CD3-8696-04CA859388A7}
	EndGlobalSection
EndGlobal
